
Microsoft Visual Studio Solution File, Format Version 12.00
# Visual Studio 15
VisualStudioVersion = 15.0.28010.2036
MinimumVisualStudioVersion = 10.0.40219.1
Project("{8BC9CEB8-8B4A-11D0-8D11-00A0C91BC942}") = "m68k_fixer", "m68k_fixer.vcxproj", "{2377A011-BDE8-464E-AF78-DDD00FD9B9B1}"
EndProject
Global
	GlobalSection(SolutionConfigurationPlatforms) = preSolution
		Debug|x64 = Debug|x64
		Release|x64 = Release|x64
	EndGlobalSection
	GlobalSection(ProjectConfigurationPlatforms) = postSolution
		{2377A011-BDE8-464E-AF78-DDD00FD9B9B1}.Debug|x64.ActiveCfg = Debug|x64
		{2377A011-BDE8-464E-AF78-DDD00FD9B9B1}.Debug|x64.Build.0 = Debug|x64
		{2377A011-BDE8-464E-AF78-DDD00FD9B9B1}.Release|x64.ActiveCfg = Release|x64
		{2377A011-BDE8-464E-AF78-DDD00FD9B9B1}.Release|x64.Build.0 = Release|x64
	EndGlobalSection
	GlobalSection(SolutionProperties) = preSolution
		HideSolutionNode = FALSE
	EndGlobalSection
	GlobalSection(ExtensibilityGlobals) = postSolution
		SolutionGuid = {9416A977-BF55-4D39-9EDB-FBCC24714C93}
	EndGlobalSection
EndGlobal
